
Microsoft Visual Studio Solution File, Format Version 12.00
# Visual Studio Version 17
VisualStudioVersion = 17.7.34221.43
MinimumVisualStudioVersion = 10.0.40219.1
Project("{9A19103F-16F7-4668-BE54-9A1E7A4F7556}") = "SGSFramework.Core", "SGSFramework.Core\SGSFramework.Core.csproj", "{D79258F7-7C6E-4A35-B4E3-B39E2DE500B0}"
EndProject
Project("{FAE04EC0-301F-11D3-BF4B-00C04F79EFBC}") = "SGSFramework.Grasshopper", "SGSFramework.Grasshopper\SGSFramework.Grasshopper.csproj", "{1A8A4E2B-AC44-48F5-A4A3-00B2D05C1F31}"
EndProject
Global
	GlobalSection(SolutionConfigurationPlatforms) = preSolution
		Debug|Any CPU = Debug|Any CPU
		Debug|x64 = Debug|x64
		Release|Any CPU = Release|Any CPU
		Release|x64 = Release|x64
	EndGlobalSection
	GlobalSection(ProjectConfigurationPlatforms) = postSolution
		{D79258F7-7C6E-4A35-B4E3-B39E2DE500B0}.Debug|Any CPU.ActiveCfg = Debug|Any CPU
		{D79258F7-7C6E-4A35-B4E3-B39E2DE500B0}.Debug|Any CPU.Build.0 = Debug|Any CPU
		{D79258F7-7C6E-4A35-B4E3-B39E2DE500B0}.Debug|x64.ActiveCfg = Debug|x64
		{D79258F7-7C6E-4A35-B4E3-B39E2DE500B0}.Debug|x64.Build.0 = Debug|x64
		{D79258F7-7C6E-4A35-B4E3-B39E2DE500B0}.Release|Any CPU.ActiveCfg = Release|Any CPU
		{D79258F7-7C6E-4A35-B4E3-B39E2DE500B0}.Release|Any CPU.Build.0 = Release|Any CPU
		{D79258F7-7C6E-4A35-B4E3-B39E2DE500B0}.Release|x64.ActiveCfg = Release|x64
		{D79258F7-7C6E-4A35-B4E3-B39E2DE500B0}.Release|x64.Build.0 = Release|x64
		{1A8A4E2B-AC44-48F5-A4A3-00B2D05C1F31}.Debug|Any CPU.ActiveCfg = Debug|Any CPU
		{1A8A4E2B-AC44-48F5-A4A3-00B2D05C1F31}.Debug|Any CPU.Build.0 = Debug|Any CPU
		{1A8A4E2B-AC44-48F5-A4A3-00B2D05C1F31}.Debug|x64.ActiveCfg = Debug|Any CPU
		{1A8A4E2B-AC44-48F5-A4A3-00B2D05C1F31}.Debug|x64.Build.0 = Debug|Any CPU
		{1A8A4E2B-AC44-48F5-A4A3-00B2D05C1F31}.Release|Any CPU.ActiveCfg = Release|Any CPU
		{1A8A4E2B-AC44-48F5-A4A3-00B2D05C1F31}.Release|Any CPU.Build.0 = Release|Any CPU
		{1A8A4E2B-AC44-48F5-A4A3-00B2D05C1F31}.Release|x64.ActiveCfg = Release|Any CPU
		{1A8A4E2B-AC44-48F5-A4A3-00B2D05C1F31}.Release|x64.Build.0 = Release|Any CPU
	EndGlobalSection
	GlobalSection(SolutionProperties) = preSolution
		HideSolutionNode = FALSE
	EndGlobalSection
	GlobalSection(ExtensibilityGlobals) = postSolution
		SolutionGuid = {4A3CC4A8-87A0-49E8-891E-736FABFBE374}
	EndGlobalSection
EndGlobal
